// !$*UTF8*$!
{
	archiveVersion = 1;
	classes = {
	};
	objectVersion = 50;
	objects = {

/* Begin PBXBuildFile section */
		13A3E5658A9B27670A9B33FE /* Pods_MedcueAppTests.framework in Frameworks */ = {isa = PBXBuildFile; fileRef = B4ACB566CE3039D44BCC6555 /* Pods_MedcueAppTests.framework */; };
		341F94002124E0B7005E1464 /* FirstController.swift in Sources */ = {isa = PBXBuildFile; fileRef = 341F93FF2124E0B7005E1464 /* FirstController.swift */; };
		341F94022124EF37005E1464 /* GoogleService-Info.plist in Resources */ = {isa = PBXBuildFile; fileRef = 341F94012124EF37005E1464 /* GoogleService-Info.plist */; };
		343099C120EEB4DB00474138 /* EndScene.swift in Sources */ = {isa = PBXBuildFile; fileRef = 343099C020EEB4DB00474138 /* EndScene.swift */; };
		347455F6212734B80035C394 /* SuccessController.swift in Sources */ = {isa = PBXBuildFile; fileRef = 347455F5212734B80035C394 /* SuccessController.swift */; };
		34882D2520EAD3A2000E9424 /* AppDelegate.swift in Sources */ = {isa = PBXBuildFile; fileRef = 34882D2420EAD3A2000E9424 /* AppDelegate.swift */; };
		34882D2720EAD3A2000E9424 /* GameScene.sks in Resources */ = {isa = PBXBuildFile; fileRef = 34882D2620EAD3A2000E9424 /* GameScene.sks */; };
		34882D2920EAD3A2000E9424 /* Actions.sks in Resources */ = {isa = PBXBuildFile; fileRef = 34882D2820EAD3A2000E9424 /* Actions.sks */; };
		34882D2B20EAD3A2000E9424 /* HistoryScene.swift in Sources */ = {isa = PBXBuildFile; fileRef = 34882D2A20EAD3A2000E9424 /* HistoryScene.swift */; };
		34882D2D20EAD3A2000E9424 /* GameViewController.swift in Sources */ = {isa = PBXBuildFile; fileRef = 34882D2C20EAD3A2000E9424 /* GameViewController.swift */; };
		34882D3220EAD3A6000E9424 /* Assets.xcassets in Resources */ = {isa = PBXBuildFile; fileRef = 34882D3120EAD3A6000E9424 /* Assets.xcassets */; };
		34882D4020EAD3A6000E9424 /* MedcueAppTests.swift in Sources */ = {isa = PBXBuildFile; fileRef = 34882D3F20EAD3A6000E9424 /* MedcueAppTests.swift */; };
		34882D4B20EAD3A6000E9424 /* MedcueAppUITests.swift in Sources */ = {isa = PBXBuildFile; fileRef = 34882D4A20EAD3A6000E9424 /* MedcueAppUITests.swift */; };
		34882D5B20EBD7AB000E9424 /* logo.png in Resources */ = {isa = PBXBuildFile; fileRef = 34882D5A20EBD7AB000E9424 /* logo.png */; };
		34882D5D20EBDD28000E9424 /* GameScene.swift in Sources */ = {isa = PBXBuildFile; fileRef = 34882D5C20EBDD28000E9424 /* GameScene.swift */; };
		34893694212B90D8002642DB /* SignupController.swift in Sources */ = {isa = PBXBuildFile; fileRef = 34893693212B90D8002642DB /* SignupController.swift */; };
		34E0EC3921373A3300CF8DB2 /* Utility.swift in Sources */ = {isa = PBXBuildFile; fileRef = 34E0EC3821373A3300CF8DB2 /* Utility.swift */; };
		34E179D621092571003AD42E /* Main.storyboard in Resources */ = {isa = PBXBuildFile; fileRef = 34E179D521092571003AD42E /* Main.storyboard */; };
		34E179D821092588003AD42E /* LaunchScreen.storyboard in Resources */ = {isa = PBXBuildFile; fileRef = 34E179D721092588003AD42E /* LaunchScreen.storyboard */; };
		34E179DB2109269B003AD42E /* Lato-Regular.ttf in Resources */ = {isa = PBXBuildFile; fileRef = 34E179D92109269A003AD42E /* Lato-Regular.ttf */; };
		34E179DC2109269B003AD42E /* Lato-Bold.ttf in Resources */ = {isa = PBXBuildFile; fileRef = 34E179DA2109269A003AD42E /* Lato-Bold.ttf */; };
		41638A2DF029D184386845EE /* Pods_SimCueUITests.framework in Frameworks */ = {isa = PBXBuildFile; fileRef = A35A69EFC9F1589232D0E4CF /* Pods_SimCueUITests.framework */; };
		4E1AF7EFF658FCB81ADA3169 /* Pods_MedcueAppUITests.framework in Frameworks */ = {isa = PBXBuildFile; fileRef = 253ED75C93216C4EE36E999C /* Pods_MedcueAppUITests.framework */; };
		613F5604C13DF190DFD75892 /* Pods_MedcueApp.framework in Frameworks */ = {isa = PBXBuildFile; fileRef = 75AE98B8E21407EEF1C6A653 /* Pods_MedcueApp.framework */; };
		62B193DC20F3BF7C0031AB02 /* crying.mp3 in Resources */ = {isa = PBXBuildFile; fileRef = 62B193DB20F3BF7C0031AB02 /* crying.mp3 */; };
		62B193DF20F3DE1A0031AB02 /* AVFoundation.framework in Frameworks */ = {isa = PBXBuildFile; fileRef = 62B193DE20F3DE1A0031AB02 /* AVFoundation.framework */; };
		62B193E320F3DEBC0031AB02 /* BabyCry.mp3 in Resources */ = {isa = PBXBuildFile; fileRef = 62B193E220F3DEBC0031AB02 /* BabyCry.mp3 */; };
		ACA202A9D3CDCA973A1C9D9A /* Pods_SimCueTests.framework in Frameworks */ = {isa = PBXBuildFile; fileRef = F7C14CDD0A6CAB03F2BD5E30 /* Pods_SimCueTests.framework */; };
		C44D080D3A8E751039D2CD5E /* Pods_SimCue.framework in Frameworks */ = {isa = PBXBuildFile; fileRef = BD90E358028AAC99C490768C /* Pods_SimCue.framework */; };
/* End PBXBuildFile section */

/* Begin PBXContainerItemProxy section */
		34882D3C20EAD3A6000E9424 /* PBXContainerItemProxy */ = {
			isa = PBXContainerItemProxy;
			containerPortal = 34882D1920EAD3A2000E9424 /* Project object */;
			proxyType = 1;
			remoteGlobalIDString = 34882D2020EAD3A2000E9424;
			remoteInfo = MedcueApp;
		};
		34882D4720EAD3A6000E9424 /* PBXContainerItemProxy */ = {
			isa = PBXContainerItemProxy;
			containerPortal = 34882D1920EAD3A2000E9424 /* Project object */;
			proxyType = 1;
			remoteGlobalIDString = 34882D2020EAD3A2000E9424;
			remoteInfo = MedcueApp;
		};
/* End PBXContainerItemProxy section */

/* Begin PBXFileReference section */
		01CF784AD4E05EDCAACC40EF /* Pods-SimCueUITests.release.xcconfig */ = {isa = PBXFileReference; includeInIndex = 1; lastKnownFileType = text.xcconfig; name = "Pods-SimCueUITests.release.xcconfig"; path = "Pods/Target Support Files/Pods-SimCueUITests/Pods-SimCueUITests.release.xcconfig"; sourceTree = "<group>"; };
		2387CD736332C0F793E2BB61 /* Pods-MedcueAppTests.release.xcconfig */ = {isa = PBXFileReference; includeInIndex = 1; lastKnownFileType = text.xcconfig; name = "Pods-MedcueAppTests.release.xcconfig"; path = "Pods/Target Support Files/Pods-MedcueAppTests/Pods-MedcueAppTests.release.xcconfig"; sourceTree = "<group>"; };
		253ED75C93216C4EE36E999C /* Pods_MedcueAppUITests.framework */ = {isa = PBXFileReference; explicitFileType = wrapper.framework; includeInIndex = 0; path = Pods_MedcueAppUITests.framework; sourceTree = BUILT_PRODUCTS_DIR; };
		341F93FF2124E0B7005E1464 /* FirstController.swift */ = {isa = PBXFileReference; lastKnownFileType = sourcecode.swift; path = FirstController.swift; sourceTree = "<group>"; };
		341F94012124EF37005E1464 /* GoogleService-Info.plist */ = {isa = PBXFileReference; fileEncoding = 4; lastKnownFileType = text.plist.xml; path = "GoogleService-Info.plist"; sourceTree = "<group>"; };
		343099C020EEB4DB00474138 /* EndScene.swift */ = {isa = PBXFileReference; lastKnownFileType = sourcecode.swift; path = EndScene.swift; sourceTree = "<group>"; };
		347455F5212734B80035C394 /* SuccessController.swift */ = {isa = PBXFileReference; lastKnownFileType = sourcecode.swift; path = SuccessController.swift; sourceTree = "<group>"; wrapsLines = 0; };
		34882D2120EAD3A2000E9424 /* SimCue.app */ = {isa = PBXFileReference; explicitFileType = wrapper.application; includeInIndex = 0; path = SimCue.app; sourceTree = BUILT_PRODUCTS_DIR; };
		34882D2420EAD3A2000E9424 /* AppDelegate.swift */ = {isa = PBXFileReference; lastKnownFileType = sourcecode.swift; path = AppDelegate.swift; sourceTree = "<group>"; };
		34882D2620EAD3A2000E9424 /* GameScene.sks */ = {isa = PBXFileReference; lastKnownFileType = file.sks; path = GameScene.sks; sourceTree = "<group>"; };
		34882D2820EAD3A2000E9424 /* Actions.sks */ = {isa = PBXFileReference; lastKnownFileType = file.sks; path = Actions.sks; sourceTree = "<group>"; };
		34882D2A20EAD3A2000E9424 /* HistoryScene.swift */ = {isa = PBXFileReference; lastKnownFileType = sourcecode.swift; path = HistoryScene.swift; sourceTree = "<group>"; };
		34882D2C20EAD3A2000E9424 /* GameViewController.swift */ = {isa = PBXFileReference; lastKnownFileType = sourcecode.swift; path = GameViewController.swift; sourceTree = "<group>"; };
		34882D3120EAD3A6000E9424 /* Assets.xcassets */ = {isa = PBXFileReference; lastKnownFileType = folder.assetcatalog; path = Assets.xcassets; sourceTree = "<group>"; };
		34882D3620EAD3A6000E9424 /* Info.plist */ = {isa = PBXFileReference; lastKnownFileType = text.plist.xml; path = Info.plist; sourceTree = "<group>"; };
		34882D3B20EAD3A6000E9424 /* SimCueTests.xctest */ = {isa = PBXFileReference; explicitFileType = wrapper.cfbundle; includeInIndex = 0; path = SimCueTests.xctest; sourceTree = BUILT_PRODUCTS_DIR; };
		34882D3F20EAD3A6000E9424 /* MedcueAppTests.swift */ = {isa = PBXFileReference; lastKnownFileType = sourcecode.swift; path = MedcueAppTests.swift; sourceTree = "<group>"; };
		34882D4120EAD3A6000E9424 /* Info.plist */ = {isa = PBXFileReference; lastKnownFileType = text.plist.xml; path = Info.plist; sourceTree = "<group>"; };
		34882D4620EAD3A6000E9424 /* SimCueUITests.xctest */ = {isa = PBXFileReference; explicitFileType = wrapper.cfbundle; includeInIndex = 0; path = SimCueUITests.xctest; sourceTree = BUILT_PRODUCTS_DIR; };
		34882D4A20EAD3A6000E9424 /* MedcueAppUITests.swift */ = {isa = PBXFileReference; lastKnownFileType = sourcecode.swift; path = MedcueAppUITests.swift; sourceTree = "<group>"; };
		34882D4C20EAD3A6000E9424 /* Info.plist */ = {isa = PBXFileReference; lastKnownFileType = text.plist.xml; path = Info.plist; sourceTree = "<group>"; };
		34882D5A20EBD7AB000E9424 /* logo.png */ = {isa = PBXFileReference; lastKnownFileType = image.png; path = logo.png; sourceTree = "<group>"; };
		34882D5C20EBDD28000E9424 /* GameScene.swift */ = {isa = PBXFileReference; lastKnownFileType = sourcecode.swift; path = GameScene.swift; sourceTree = "<group>"; };
		34893693212B90D8002642DB /* SignupController.swift */ = {isa = PBXFileReference; lastKnownFileType = sourcecode.swift; path = SignupController.swift; sourceTree = "<group>"; };
		34E0EC3821373A3300CF8DB2 /* Utility.swift */ = {isa = PBXFileReference; lastKnownFileType = sourcecode.swift; path = Utility.swift; sourceTree = "<group>"; };
		34E179D521092571003AD42E /* Main.storyboard */ = {isa = PBXFileReference; fileEncoding = 4; lastKnownFileType = file.storyboard; path = Main.storyboard; sourceTree = "<group>"; };
		34E179D721092588003AD42E /* LaunchScreen.storyboard */ = {isa = PBXFileReference; fileEncoding = 4; lastKnownFileType = file.storyboard; path = LaunchScreen.storyboard; sourceTree = "<group>"; };
		34E179D92109269A003AD42E /* Lato-Regular.ttf */ = {isa = PBXFileReference; lastKnownFileType = file; path = "Lato-Regular.ttf"; sourceTree = "<group>"; };
		34E179DA2109269A003AD42E /* Lato-Bold.ttf */ = {isa = PBXFileReference; lastKnownFileType = file; path = "Lato-Bold.ttf"; sourceTree = "<group>"; };
		58CAF46A730644BE31CE0BFC /* Pods-MedcueApp.debug.xcconfig */ = {isa = PBXFileReference; includeInIndex = 1; lastKnownFileType = text.xcconfig; name = "Pods-MedcueApp.debug.xcconfig"; path = "Pods/Target Support Files/Pods-MedcueApp/Pods-MedcueApp.debug.xcconfig"; sourceTree = "<group>"; };
		62B193DB20F3BF7C0031AB02 /* crying.mp3 */ = {isa = PBXFileReference; lastKnownFileType = audio.mp3; name = crying.mp3; path = ../../../Downloads/crying.mp3; sourceTree = "<group>"; };
		62B193DE20F3DE1A0031AB02 /* AVFoundation.framework */ = {isa = PBXFileReference; lastKnownFileType = wrapper.framework; name = AVFoundation.framework; path = System/Library/Frameworks/AVFoundation.framework; sourceTree = SDKROOT; };
		62B193E220F3DEBC0031AB02 /* BabyCry.mp3 */ = {isa = PBXFileReference; lastKnownFileType = audio.mp3; path = BabyCry.mp3; sourceTree = "<group>"; };
		6416387B2F4EADA4EAC93A30 /* Pods-SimCue.release.xcconfig */ = {isa = PBXFileReference; includeInIndex = 1; lastKnownFileType = text.xcconfig; name = "Pods-SimCue.release.xcconfig"; path = "Pods/Target Support Files/Pods-SimCue/Pods-SimCue.release.xcconfig"; sourceTree = "<group>"; };
		6FCC4FDC96D02D90AC299955 /* Pods-SimCue.debug.xcconfig */ = {isa = PBXFileReference; includeInIndex = 1; lastKnownFileType = text.xcconfig; name = "Pods-SimCue.debug.xcconfig"; path = "Pods/Target Support Files/Pods-SimCue/Pods-SimCue.debug.xcconfig"; sourceTree = "<group>"; };
		733505520DA53FA220991F7F /* Pods-MedcueApp.release.xcconfig */ = {isa = PBXFileReference; includeInIndex = 1; lastKnownFileType = text.xcconfig; name = "Pods-MedcueApp.release.xcconfig"; path = "Pods/Target Support Files/Pods-MedcueApp/Pods-MedcueApp.release.xcconfig"; sourceTree = "<group>"; };
		75AE98B8E21407EEF1C6A653 /* Pods_MedcueApp.framework */ = {isa = PBXFileReference; explicitFileType = wrapper.framework; includeInIndex = 0; path = Pods_MedcueApp.framework; sourceTree = BUILT_PRODUCTS_DIR; };
		7DAD61CB7CEEE468A3C7A17F /* Pods-SimCueUITests.debug.xcconfig */ = {isa = PBXFileReference; includeInIndex = 1; lastKnownFileType = text.xcconfig; name = "Pods-SimCueUITests.debug.xcconfig"; path = "Pods/Target Support Files/Pods-SimCueUITests/Pods-SimCueUITests.debug.xcconfig"; sourceTree = "<group>"; };
		8D3D4338B92E24F3A4A1D950 /* Pods-MedcueAppUITests.release.xcconfig */ = {isa = PBXFileReference; includeInIndex = 1; lastKnownFileType = text.xcconfig; name = "Pods-MedcueAppUITests.release.xcconfig"; path = "Pods/Target Support Files/Pods-MedcueAppUITests/Pods-MedcueAppUITests.release.xcconfig"; sourceTree = "<group>"; };
		8DF6974536D763151FB71D1F /* Pods-SimCueTests.debug.xcconfig */ = {isa = PBXFileReference; includeInIndex = 1; lastKnownFileType = text.xcconfig; name = "Pods-SimCueTests.debug.xcconfig"; path = "Pods/Target Support Files/Pods-SimCueTests/Pods-SimCueTests.debug.xcconfig"; sourceTree = "<group>"; };
		A044AA896A7AADCA43A1A911 /* Pods-SimCueTests.release.xcconfig */ = {isa = PBXFileReference; includeInIndex = 1; lastKnownFileType = text.xcconfig; name = "Pods-SimCueTests.release.xcconfig"; path = "Pods/Target Support Files/Pods-SimCueTests/Pods-SimCueTests.release.xcconfig"; sourceTree = "<group>"; };
		A35A69EFC9F1589232D0E4CF /* Pods_SimCueUITests.framework */ = {isa = PBXFileReference; explicitFileType = wrapper.framework; includeInIndex = 0; path = Pods_SimCueUITests.framework; sourceTree = BUILT_PRODUCTS_DIR; };
		A3D3E345A9BB54A2EB28BC20 /* Pods-MedcueAppTests.debug.xcconfig */ = {isa = PBXFileReference; includeInIndex = 1; lastKnownFileType = text.xcconfig; name = "Pods-MedcueAppTests.debug.xcconfig"; path = "Pods/Target Support Files/Pods-MedcueAppTests/Pods-MedcueAppTests.debug.xcconfig"; sourceTree = "<group>"; };
		B4ACB566CE3039D44BCC6555 /* Pods_MedcueAppTests.framework */ = {isa = PBXFileReference; explicitFileType = wrapper.framework; includeInIndex = 0; path = Pods_MedcueAppTests.framework; sourceTree = BUILT_PRODUCTS_DIR; };
		BD90E358028AAC99C490768C /* Pods_SimCue.framework */ = {isa = PBXFileReference; explicitFileType = wrapper.framework; includeInIndex = 0; path = Pods_SimCue.framework; sourceTree = BUILT_PRODUCTS_DIR; };
		EBE82659DC89770E86FDB32E /* Pods-MedcueAppUITests.debug.xcconfig */ = {isa = PBXFileReference; includeInIndex = 1; lastKnownFileType = text.xcconfig; name = "Pods-MedcueAppUITests.debug.xcconfig"; path = "Pods/Target Support Files/Pods-MedcueAppUITests/Pods-MedcueAppUITests.debug.xcconfig"; sourceTree = "<group>"; };
		F7C14CDD0A6CAB03F2BD5E30 /* Pods_SimCueTests.framework */ = {isa = PBXFileReference; explicitFileType = wrapper.framework; includeInIndex = 0; path = Pods_SimCueTests.framework; sourceTree = BUILT_PRODUCTS_DIR; };
/* End PBXFileReference section */

/* Begin PBXFrameworksBuildPhase section */
		34882D1E20EAD3A2000E9424 /* Frameworks */ = {
			isa = PBXFrameworksBuildPhase;
			buildActionMask = 2147483647;
			files = (
				62B193DF20F3DE1A0031AB02 /* AVFoundation.framework in Frameworks */,
				613F5604C13DF190DFD75892 /* Pods_MedcueApp.framework in Frameworks */,
				C44D080D3A8E751039D2CD5E /* Pods_SimCue.framework in Frameworks */,
			);
			runOnlyForDeploymentPostprocessing = 0;
		};
		34882D3820EAD3A6000E9424 /* Frameworks */ = {
			isa = PBXFrameworksBuildPhase;
			buildActionMask = 2147483647;
			files = (
				13A3E5658A9B27670A9B33FE /* Pods_MedcueAppTests.framework in Frameworks */,
				ACA202A9D3CDCA973A1C9D9A /* Pods_SimCueTests.framework in Frameworks */,
			);
			runOnlyForDeploymentPostprocessing = 0;
		};
		34882D4320EAD3A6000E9424 /* Frameworks */ = {
			isa = PBXFrameworksBuildPhase;
			buildActionMask = 2147483647;
			files = (
				4E1AF7EFF658FCB81ADA3169 /* Pods_MedcueAppUITests.framework in Frameworks */,
				41638A2DF029D184386845EE /* Pods_SimCueUITests.framework in Frameworks */,
			);
			runOnlyForDeploymentPostprocessing = 0;
		};
/* End PBXFrameworksBuildPhase section */

/* Begin PBXGroup section */
		34882D1820EAD3A2000E9424 = {
			isa = PBXGroup;
			children = (
				34882D2320EAD3A2000E9424 /* MedcueApp */,
				34882D3E20EAD3A6000E9424 /* MedcueAppTests */,
				34882D4920EAD3A6000E9424 /* MedcueAppUITests */,
				34882D2220EAD3A2000E9424 /* Products */,
				62B193DD20F3DE1A0031AB02 /* Frameworks */,
				BFACEC98278242C99F1224A9 /* Pods */,
			);
			sourceTree = "<group>";
		};
		34882D2220EAD3A2000E9424 /* Products */ = {
			isa = PBXGroup;
			children = (
				34882D2120EAD3A2000E9424 /* SimCue.app */,
				34882D3B20EAD3A6000E9424 /* SimCueTests.xctest */,
				34882D4620EAD3A6000E9424 /* SimCueUITests.xctest */,
			);
			name = Products;
			sourceTree = "<group>";
		};
		34882D2320EAD3A2000E9424 /* MedcueApp */ = {
			isa = PBXGroup;
			children = (
				34882D2420EAD3A2000E9424 /* AppDelegate.swift */,
				34882D2620EAD3A2000E9424 /* GameScene.sks */,
				34882D2820EAD3A2000E9424 /* Actions.sks */,
				34882D2A20EAD3A2000E9424 /* HistoryScene.swift */,
				62B193DB20F3BF7C0031AB02 /* crying.mp3 */,
				343099C020EEB4DB00474138 /* EndScene.swift */,
				34882D5C20EBDD28000E9424 /* GameScene.swift */,
				34882D2C20EAD3A2000E9424 /* GameViewController.swift */,
				341F93FF2124E0B7005E1464 /* FirstController.swift */,
				34893693212B90D8002642DB /* SignupController.swift */,
				34E0EC3821373A3300CF8DB2 /* Utility.swift */,
				347455F5212734B80035C394 /* SuccessController.swift */,
				34E179D521092571003AD42E /* Main.storyboard */,
				34882D3120EAD3A6000E9424 /* Assets.xcassets */,
				34E179DA2109269A003AD42E /* Lato-Bold.ttf */,
				34E179D92109269A003AD42E /* Lato-Regular.ttf */,
				34882D5A20EBD7AB000E9424 /* logo.png */,
				34E179D721092588003AD42E /* LaunchScreen.storyboard */,
				34882D3620EAD3A6000E9424 /* Info.plist */,
				62B193E220F3DEBC0031AB02 /* BabyCry.mp3 */,
				341F94012124EF37005E1464 /* GoogleService-Info.plist */,
			);
			path = MedcueApp;
			sourceTree = "<group>";
		};
		34882D3E20EAD3A6000E9424 /* MedcueAppTests */ = {
			isa = PBXGroup;
			children = (
				34882D3F20EAD3A6000E9424 /* MedcueAppTests.swift */,
				34882D4120EAD3A6000E9424 /* Info.plist */,
			);
			path = MedcueAppTests;
			sourceTree = "<group>";
		};
		34882D4920EAD3A6000E9424 /* MedcueAppUITests */ = {
			isa = PBXGroup;
			children = (
				34882D4A20EAD3A6000E9424 /* MedcueAppUITests.swift */,
				34882D4C20EAD3A6000E9424 /* Info.plist */,
			);
			path = MedcueAppUITests;
			sourceTree = "<group>";
		};
		62B193DD20F3DE1A0031AB02 /* Frameworks */ = {
			isa = PBXGroup;
			children = (
				62B193DE20F3DE1A0031AB02 /* AVFoundation.framework */,
				75AE98B8E21407EEF1C6A653 /* Pods_MedcueApp.framework */,
				B4ACB566CE3039D44BCC6555 /* Pods_MedcueAppTests.framework */,
				253ED75C93216C4EE36E999C /* Pods_MedcueAppUITests.framework */,
				BD90E358028AAC99C490768C /* Pods_SimCue.framework */,
				F7C14CDD0A6CAB03F2BD5E30 /* Pods_SimCueTests.framework */,
				A35A69EFC9F1589232D0E4CF /* Pods_SimCueUITests.framework */,
			);
			name = Frameworks;
			sourceTree = "<group>";
		};
		BFACEC98278242C99F1224A9 /* Pods */ = {
			isa = PBXGroup;
			children = (
				58CAF46A730644BE31CE0BFC /* Pods-MedcueApp.debug.xcconfig */,
				733505520DA53FA220991F7F /* Pods-MedcueApp.release.xcconfig */,
				A3D3E345A9BB54A2EB28BC20 /* Pods-MedcueAppTests.debug.xcconfig */,
				2387CD736332C0F793E2BB61 /* Pods-MedcueAppTests.release.xcconfig */,
				EBE82659DC89770E86FDB32E /* Pods-MedcueAppUITests.debug.xcconfig */,
				8D3D4338B92E24F3A4A1D950 /* Pods-MedcueAppUITests.release.xcconfig */,
				6FCC4FDC96D02D90AC299955 /* Pods-SimCue.debug.xcconfig */,
				6416387B2F4EADA4EAC93A30 /* Pods-SimCue.release.xcconfig */,
				8DF6974536D763151FB71D1F /* Pods-SimCueTests.debug.xcconfig */,
				A044AA896A7AADCA43A1A911 /* Pods-SimCueTests.release.xcconfig */,
				7DAD61CB7CEEE468A3C7A17F /* Pods-SimCueUITests.debug.xcconfig */,
				01CF784AD4E05EDCAACC40EF /* Pods-SimCueUITests.release.xcconfig */,
			);
			name = Pods;
			sourceTree = "<group>";
		};
/* End PBXGroup section */

/* Begin PBXHeadersBuildPhase section */
		34CCD6C220F01A8300FA1ED7 /* Headers */ = {
			isa = PBXHeadersBuildPhase;
			buildActionMask = 2147483647;
			files = (
			);
			runOnlyForDeploymentPostprocessing = 0;
		};
/* End PBXHeadersBuildPhase section */

/* Begin PBXNativeTarget section */
		34882D2020EAD3A2000E9424 /* SimCue */ = {
			isa = PBXNativeTarget;
			buildConfigurationList = 34882D4F20EAD3A6000E9424 /* Build configuration list for PBXNativeTarget "SimCue" */;
			buildPhases = (
				0FCAA9182DFC2757F1CC1ABA /* [CP] Check Pods Manifest.lock */,
				34882D1D20EAD3A2000E9424 /* Sources */,
				34882D1E20EAD3A2000E9424 /* Frameworks */,
				34882D1F20EAD3A2000E9424 /* Resources */,
				34CCD6C220F01A8300FA1ED7 /* Headers */,
				C13467FEA86F77D7EF2AB800 /* [CP] Embed Pods Frameworks */,
			);
			buildRules = (
			);
			dependencies = (
			);
			name = SimCue;
			productName = MedcueApp;
			productReference = 34882D2120EAD3A2000E9424 /* SimCue.app */;
			productType = "com.apple.product-type.application";
		};
		34882D3A20EAD3A6000E9424 /* SimCueTests */ = {
			isa = PBXNativeTarget;
			buildConfigurationList = 34882D5220EAD3A6000E9424 /* Build configuration list for PBXNativeTarget "SimCueTests" */;
			buildPhases = (
				D57A1278A473B27E985E563B /* [CP] Check Pods Manifest.lock */,
				34882D3720EAD3A6000E9424 /* Sources */,
				34882D3820EAD3A6000E9424 /* Frameworks */,
				34882D3920EAD3A6000E9424 /* Resources */,
			);
			buildRules = (
			);
			dependencies = (
				34882D3D20EAD3A6000E9424 /* PBXTargetDependency */,
			);
			name = SimCueTests;
			productName = MedcueAppTests;
			productReference = 34882D3B20EAD3A6000E9424 /* SimCueTests.xctest */;
			productType = "com.apple.product-type.bundle.unit-test";
		};
		34882D4520EAD3A6000E9424 /* SimCueUITests */ = {
			isa = PBXNativeTarget;
			buildConfigurationList = 34882D5520EAD3A6000E9424 /* Build configuration list for PBXNativeTarget "SimCueUITests" */;
			buildPhases = (
				1B50BD7B7D4CBE2F493C1A21 /* [CP] Check Pods Manifest.lock */,
				34882D4220EAD3A6000E9424 /* Sources */,
				34882D4320EAD3A6000E9424 /* Frameworks */,
				34882D4420EAD3A6000E9424 /* Resources */,
			);
			buildRules = (
			);
			dependencies = (
				34882D4820EAD3A6000E9424 /* PBXTargetDependency */,
			);
			name = SimCueUITests;
			productName = MedcueAppUITests;
			productReference = 34882D4620EAD3A6000E9424 /* SimCueUITests.xctest */;
			productType = "com.apple.product-type.bundle.ui-testing";
		};
/* End PBXNativeTarget section */

/* Begin PBXProject section */
		34882D1920EAD3A2000E9424 /* Project object */ = {
			isa = PBXProject;
			attributes = {
				LastSwiftUpdateCheck = 0940;
				LastUpgradeCheck = 0940;
				ORGANIZATIONNAME = MedicalCue;
				TargetAttributes = {
					34882D2020EAD3A2000E9424 = {
						CreatedOnToolsVersion = 9.4.1;
					};
					34882D3A20EAD3A6000E9424 = {
						CreatedOnToolsVersion = 9.4.1;
						TestTargetID = 34882D2020EAD3A2000E9424;
					};
					34882D4520EAD3A6000E9424 = {
						CreatedOnToolsVersion = 9.4.1;
						TestTargetID = 34882D2020EAD3A2000E9424;
					};
				};
			};
			buildConfigurationList = 34882D1C20EAD3A2000E9424 /* Build configuration list for PBXProject "SimCue" */;
			compatibilityVersion = "Xcode 9.3";
			developmentRegion = en;
			hasScannedForEncodings = 0;
			knownRegions = (
				en,
				Base,
			);
			mainGroup = 34882D1820EAD3A2000E9424;
			productRefGroup = 34882D2220EAD3A2000E9424 /* Products */;
			projectDirPath = "";
			projectRoot = "";
			targets = (
				34882D2020EAD3A2000E9424 /* SimCue */,
				34882D3A20EAD3A6000E9424 /* SimCueTests */,
				34882D4520EAD3A6000E9424 /* SimCueUITests */,
			);
		};
/* End PBXProject section */

/* Begin PBXResourcesBuildPhase section */
		34882D1F20EAD3A2000E9424 /* Resources */ = {
			isa = PBXResourcesBuildPhase;
			buildActionMask = 2147483647;
			files = (
				34882D2720EAD3A2000E9424 /* GameScene.sks in Resources */,
				62B193DC20F3BF7C0031AB02 /* crying.mp3 in Resources */,
				341F94022124EF37005E1464 /* GoogleService-Info.plist in Resources */,
				34E179D821092588003AD42E /* LaunchScreen.storyboard in Resources */,
				62B193E320F3DEBC0031AB02 /* BabyCry.mp3 in Resources */,
				34882D5B20EBD7AB000E9424 /* logo.png in Resources */,
				34882D3220EAD3A6000E9424 /* Assets.xcassets in Resources */,
				34E179DC2109269B003AD42E /* Lato-Bold.ttf in Resources */,
				34E179D621092571003AD42E /* Main.storyboard in Resources */,
				34882D2920EAD3A2000E9424 /* Actions.sks in Resources */,
				34E179DB2109269B003AD42E /* Lato-Regular.ttf in Resources */,
			);
			runOnlyForDeploymentPostprocessing = 0;
		};
		34882D3920EAD3A6000E9424 /* Resources */ = {
			isa = PBXResourcesBuildPhase;
			buildActionMask = 2147483647;
			files = (
			);
			runOnlyForDeploymentPostprocessing = 0;
		};
		34882D4420EAD3A6000E9424 /* Resources */ = {
			isa = PBXResourcesBuildPhase;
			buildActionMask = 2147483647;
			files = (
			);
			runOnlyForDeploymentPostprocessing = 0;
		};
/* End PBXResourcesBuildPhase section */

/* Begin PBXShellScriptBuildPhase section */
		0FCAA9182DFC2757F1CC1ABA /* [CP] Check Pods Manifest.lock */ = {
			isa = PBXShellScriptBuildPhase;
			buildActionMask = 2147483647;
			files = (
			);
			inputPaths = (
				"${PODS_PODFILE_DIR_PATH}/Podfile.lock",
				"${PODS_ROOT}/Manifest.lock",
			);
			name = "[CP] Check Pods Manifest.lock";
			outputPaths = (
				"$(DERIVED_FILE_DIR)/Pods-SimCue-checkManifestLockResult.txt",
			);
			runOnlyForDeploymentPostprocessing = 0;
			shellPath = /bin/sh;
			shellScript = "diff \"${PODS_PODFILE_DIR_PATH}/Podfile.lock\" \"${PODS_ROOT}/Manifest.lock\" > /dev/null\nif [ $? != 0 ] ; then\n    # print error to STDERR\n    echo \"error: The sandbox is not in sync with the Podfile.lock. Run 'pod install' or update your CocoaPods installation.\" >&2\n    exit 1\nfi\n# This output is used by Xcode 'outputs' to avoid re-running this script phase.\necho \"SUCCESS\" > \"${SCRIPT_OUTPUT_FILE_0}\"\n";
			showEnvVarsInLog = 0;
		};
		1B50BD7B7D4CBE2F493C1A21 /* [CP] Check Pods Manifest.lock */ = {
			isa = PBXShellScriptBuildPhase;
			buildActionMask = 2147483647;
			files = (
			);
			inputPaths = (
				"${PODS_PODFILE_DIR_PATH}/Podfile.lock",
				"${PODS_ROOT}/Manifest.lock",
			);
			name = "[CP] Check Pods Manifest.lock";
			outputPaths = (
				"$(DERIVED_FILE_DIR)/Pods-SimCueUITests-checkManifestLockResult.txt",
			);
			runOnlyForDeploymentPostprocessing = 0;
			shellPath = /bin/sh;
			shellScript = "diff \"${PODS_PODFILE_DIR_PATH}/Podfile.lock\" \"${PODS_ROOT}/Manifest.lock\" > /dev/null\nif [ $? != 0 ] ; then\n    # print error to STDERR\n    echo \"error: The sandbox is not in sync with the Podfile.lock. Run 'pod install' or update your CocoaPods installation.\" >&2\n    exit 1\nfi\n# This output is used by Xcode 'outputs' to avoid re-running this script phase.\necho \"SUCCESS\" > \"${SCRIPT_OUTPUT_FILE_0}\"\n";
			showEnvVarsInLog = 0;
		};
		C13467FEA86F77D7EF2AB800 /* [CP] Embed Pods Frameworks */ = {
			isa = PBXShellScriptBuildPhase;
			buildActionMask = 2147483647;
			files = (
			);
			inputPaths = (
				"${SRCROOT}/Pods/Target Support Files/Pods-SimCue/Pods-SimCue-frameworks.sh",
				"${BUILT_PRODUCTS_DIR}/GTMSessionFetcher/GTMSessionFetcher.framework",
				"${BUILT_PRODUCTS_DIR}/GoogleUtilities/GoogleUtilities.framework",
				"${BUILT_PRODUCTS_DIR}/leveldb-library/leveldb.framework",
				"${BUILT_PRODUCTS_DIR}/nanopb/nanopb.framework",
			);
			name = "[CP] Embed Pods Frameworks";
			outputPaths = (
				"${TARGET_BUILD_DIR}/${FRAMEWORKS_FOLDER_PATH}/GTMSessionFetcher.framework",
				"${TARGET_BUILD_DIR}/${FRAMEWORKS_FOLDER_PATH}/GoogleUtilities.framework",
				"${TARGET_BUILD_DIR}/${FRAMEWORKS_FOLDER_PATH}/leveldb.framework",
				"${TARGET_BUILD_DIR}/${FRAMEWORKS_FOLDER_PATH}/nanopb.framework",
			);
			runOnlyForDeploymentPostprocessing = 0;
			shellPath = /bin/sh;
			shellScript = "\"${SRCROOT}/Pods/Target Support Files/Pods-SimCue/Pods-SimCue-frameworks.sh\"\n";
			showEnvVarsInLog = 0;
		};
		D57A1278A473B27E985E563B /* [CP] Check Pods Manifest.lock */ = {
			isa = PBXShellScriptBuildPhase;
			buildActionMask = 2147483647;
			files = (
			);
			inputPaths = (
				"${PODS_PODFILE_DIR_PATH}/Podfile.lock",
				"${PODS_ROOT}/Manifest.lock",
			);
			name = "[CP] Check Pods Manifest.lock";
			outputPaths = (
				"$(DERIVED_FILE_DIR)/Pods-SimCueTests-checkManifestLockResult.txt",
			);
			runOnlyForDeploymentPostprocessing = 0;
			shellPath = /bin/sh;
			shellScript = "diff \"${PODS_PODFILE_DIR_PATH}/Podfile.lock\" \"${PODS_ROOT}/Manifest.lock\" > /dev/null\nif [ $? != 0 ] ; then\n    # print error to STDERR\n    echo \"error: The sandbox is not in sync with the Podfile.lock. Run 'pod install' or update your CocoaPods installation.\" >&2\n    exit 1\nfi\n# This output is used by Xcode 'outputs' to avoid re-running this script phase.\necho \"SUCCESS\" > \"${SCRIPT_OUTPUT_FILE_0}\"\n";
			showEnvVarsInLog = 0;
		};
/* End PBXShellScriptBuildPhase section */

/* Begin PBXSourcesBuildPhase section */
		34882D1D20EAD3A2000E9424 /* Sources */ = {
			isa = PBXSourcesBuildPhase;
			buildActionMask = 2147483647;
			files = (
				341F94002124E0B7005E1464 /* FirstController.swift in Sources */,
				34882D2B20EAD3A2000E9424 /* HistoryScene.swift in Sources */,
				34882D2D20EAD3A2000E9424 /* GameViewController.swift in Sources */,
				34893694212B90D8002642DB /* SignupController.swift in Sources */,
				34882D5D20EBDD28000E9424 /* GameScene.swift in Sources */,
				34882D2520EAD3A2000E9424 /* AppDelegate.swift in Sources */,
				34E0EC3921373A3300CF8DB2 /* Utility.swift in Sources */,
				347455F6212734B80035C394 /* SuccessController.swift in Sources */,
				343099C120EEB4DB00474138 /* EndScene.swift in Sources */,
			);
			runOnlyForDeploymentPostprocessing = 0;
		};
		34882D3720EAD3A6000E9424 /* Sources */ = {
			isa = PBXSourcesBuildPhase;
			buildActionMask = 2147483647;
			files = (
				34882D4020EAD3A6000E9424 /* MedcueAppTests.swift in Sources */,
			);
			runOnlyForDeploymentPostprocessing = 0;
		};
		34882D4220EAD3A6000E9424 /* Sources */ = {
			isa = PBXSourcesBuildPhase;
			buildActionMask = 2147483647;
			files = (
				34882D4B20EAD3A6000E9424 /* MedcueAppUITests.swift in Sources */,
			);
			runOnlyForDeploymentPostprocessing = 0;
		};
/* End PBXSourcesBuildPhase section */

/* Begin PBXTargetDependency section */
		34882D3D20EAD3A6000E9424 /* PBXTargetDependency */ = {
			isa = PBXTargetDependency;
			target = 34882D2020EAD3A2000E9424 /* SimCue */;
			targetProxy = 34882D3C20EAD3A6000E9424 /* PBXContainerItemProxy */;
		};
		34882D4820EAD3A6000E9424 /* PBXTargetDependency */ = {
			isa = PBXTargetDependency;
			target = 34882D2020EAD3A2000E9424 /* SimCue */;
			targetProxy = 34882D4720EAD3A6000E9424 /* PBXContainerItemProxy */;
		};
/* End PBXTargetDependency section */

/* Begin XCBuildConfiguration section */
		34882D4D20EAD3A6000E9424 /* Debug */ = {
			isa = XCBuildConfiguration;
			buildSettings = {
				ALWAYS_SEARCH_USER_PATHS = NO;
				CLANG_ANALYZER_NONNULL = YES;
				CLANG_ANALYZER_NUMBER_OBJECT_CONVERSION = YES_AGGRESSIVE;
				CLANG_CXX_LANGUAGE_STANDARD = "gnu++14";
				CLANG_CXX_LIBRARY = "libc++";
				CLANG_ENABLE_MODULES = YES;
				CLANG_ENABLE_OBJC_ARC = YES;
				CLANG_ENABLE_OBJC_WEAK = YES;
				CLANG_WARN_BLOCK_CAPTURE_AUTORELEASING = YES;
				CLANG_WARN_BOOL_CONVERSION = YES;
				CLANG_WARN_COMMA = YES;
				CLANG_WARN_CONSTANT_CONVERSION = YES;
				CLANG_WARN_DEPRECATED_OBJC_IMPLEMENTATIONS = YES;
				CLANG_WARN_DIRECT_OBJC_ISA_USAGE = YES_ERROR;
				CLANG_WARN_DOCUMENTATION_COMMENTS = YES;
				CLANG_WARN_EMPTY_BODY = YES;
				CLANG_WARN_ENUM_CONVERSION = YES;
				CLANG_WARN_INFINITE_RECURSION = YES;
				CLANG_WARN_INT_CONVERSION = YES;
				CLANG_WARN_NON_LITERAL_NULL_CONVERSION = YES;
				CLANG_WARN_OBJC_IMPLICIT_RETAIN_SELF = YES;
				CLANG_WARN_OBJC_LITERAL_CONVERSION = YES;
				CLANG_WARN_OBJC_ROOT_CLASS = YES_ERROR;
				CLANG_WARN_RANGE_LOOP_ANALYSIS = YES;
				CLANG_WARN_STRICT_PROTOTYPES = YES;
				CLANG_WARN_SUSPICIOUS_MOVE = YES;
				CLANG_WARN_UNGUARDED_AVAILABILITY = YES_AGGRESSIVE;
				CLANG_WARN_UNREACHABLE_CODE = YES;
				CLANG_WARN__DUPLICATE_METHOD_MATCH = YES;
				CODE_SIGN_IDENTITY = "iPhone Developer";
				COPY_PHASE_STRIP = NO;
				DEBUG_INFORMATION_FORMAT = dwarf;
				ENABLE_STRICT_OBJC_MSGSEND = YES;
				ENABLE_TESTABILITY = YES;
				GCC_C_LANGUAGE_STANDARD = gnu11;
				GCC_DYNAMIC_NO_PIC = NO;
				GCC_NO_COMMON_BLOCKS = YES;
				GCC_OPTIMIZATION_LEVEL = 0;
				GCC_PREPROCESSOR_DEFINITIONS = (
					"DEBUG=1",
					"$(inherited)",
				);
				GCC_WARN_64_TO_32_BIT_CONVERSION = YES;
				GCC_WARN_ABOUT_RETURN_TYPE = YES_ERROR;
				GCC_WARN_UNDECLARED_SELECTOR = YES;
				GCC_WARN_UNINITIALIZED_AUTOS = YES_AGGRESSIVE;
				GCC_WARN_UNUSED_FUNCTION = YES;
				GCC_WARN_UNUSED_VARIABLE = YES;
				IPHONEOS_DEPLOYMENT_TARGET = 11.4;
				MTL_ENABLE_DEBUG_INFO = YES;
				ONLY_ACTIVE_ARCH = YES;
				SDKROOT = iphoneos;
				SWIFT_ACTIVE_COMPILATION_CONDITIONS = DEBUG;
				SWIFT_OPTIMIZATION_LEVEL = "-Onone";
			};
			name = Debug;
		};
		34882D4E20EAD3A6000E9424 /* Release */ = {
			isa = XCBuildConfiguration;
			buildSettings = {
				ALWAYS_SEARCH_USER_PATHS = NO;
				CLANG_ANALYZER_NONNULL = YES;
				CLANG_ANALYZER_NUMBER_OBJECT_CONVERSION = YES_AGGRESSIVE;
				CLANG_CXX_LANGUAGE_STANDARD = "gnu++14";
				CLANG_CXX_LIBRARY = "libc++";
				CLANG_ENABLE_MODULES = YES;
				CLANG_ENABLE_OBJC_ARC = YES;
				CLANG_ENABLE_OBJC_WEAK = YES;
				CLANG_WARN_BLOCK_CAPTURE_AUTORELEASING = YES;
				CLANG_WARN_BOOL_CONVERSION = YES;
				CLANG_WARN_COMMA = YES;
				CLANG_WARN_CONSTANT_CONVERSION = YES;
				CLANG_WARN_DEPRECATED_OBJC_IMPLEMENTATIONS = YES;
				CLANG_WARN_DIRECT_OBJC_ISA_USAGE = YES_ERROR;
				CLANG_WARN_DOCUMENTATION_COMMENTS = YES;
				CLANG_WARN_EMPTY_BODY = YES;
				CLANG_WARN_ENUM_CONVERSION = YES;
				CLANG_WARN_INFINITE_RECURSION = YES;
				CLANG_WARN_INT_CONVERSION = YES;
				CLANG_WARN_NON_LITERAL_NULL_CONVERSION = YES;
				CLANG_WARN_OBJC_IMPLICIT_RETAIN_SELF = YES;
				CLANG_WARN_OBJC_LITERAL_CONVERSION = YES;
				CLANG_WARN_OBJC_ROOT_CLASS = YES_ERROR;
				CLANG_WARN_RANGE_LOOP_ANALYSIS = YES;
				CLANG_WARN_STRICT_PROTOTYPES = YES;
				CLANG_WARN_SUSPICIOUS_MOVE = YES;
				CLANG_WARN_UNGUARDED_AVAILABILITY = YES_AGGRESSIVE;
				CLANG_WARN_UNREACHABLE_CODE = YES;
				CLANG_WARN__DUPLICATE_METHOD_MATCH = YES;
				CODE_SIGN_IDENTITY = "iPhone Developer";
				COPY_PHASE_STRIP = NO;
				DEBUG_INFORMATION_FORMAT = "dwarf-with-dsym";
				ENABLE_NS_ASSERTIONS = NO;
				ENABLE_STRICT_OBJC_MSGSEND = YES;
				GCC_C_LANGUAGE_STANDARD = gnu11;
				GCC_NO_COMMON_BLOCKS = YES;
				GCC_WARN_64_TO_32_BIT_CONVERSION = YES;
				GCC_WARN_ABOUT_RETURN_TYPE = YES_ERROR;
				GCC_WARN_UNDECLARED_SELECTOR = YES;
				GCC_WARN_UNINITIALIZED_AUTOS = YES_AGGRESSIVE;
				GCC_WARN_UNUSED_FUNCTION = YES;
				GCC_WARN_UNUSED_VARIABLE = YES;
				IPHONEOS_DEPLOYMENT_TARGET = 11.4;
				MTL_ENABLE_DEBUG_INFO = NO;
				SDKROOT = iphoneos;
				SWIFT_COMPILATION_MODE = wholemodule;
				SWIFT_OPTIMIZATION_LEVEL = "-O";
				VALIDATE_PRODUCT = YES;
			};
			name = Release;
		};
		34882D5020EAD3A6000E9424 /* Debug */ = {
			isa = XCBuildConfiguration;
			baseConfigurationReference = 6FCC4FDC96D02D90AC299955 /* Pods-SimCue.debug.xcconfig */;
			buildSettings = {
				ASSETCATALOG_COMPILER_APPICON_NAME = AppIcon;
				CODE_SIGN_STYLE = Automatic;
				DEVELOPMENT_TEAM = D7G9M28WLW;
				INFOPLIST_FILE = MedcueApp/Info.plist;
				LD_RUNPATH_SEARCH_PATHS = (
					"$(inherited)",
					"@executable_path/Frameworks",
				);
				PRODUCT_BUNDLE_IDENTIFIER = com.MedicalCue.SimCue;
				PRODUCT_NAME = "$(TARGET_NAME)";
				SWIFT_VERSION = 4.0;
				TARGETED_DEVICE_FAMILY = "1,2";
			};
			name = Debug;
		};
		34882D5120EAD3A6000E9424 /* Release */ = {
			isa = XCBuildConfiguration;
			baseConfigurationReference = 6416387B2F4EADA4EAC93A30 /* Pods-SimCue.release.xcconfig */;
			buildSettings = {
				ASSETCATALOG_COMPILER_APPICON_NAME = AppIcon;
				CODE_SIGN_STYLE = Automatic;
				DEVELOPMENT_TEAM = D7G9M28WLW;
				INFOPLIST_FILE = MedcueApp/Info.plist;
				LD_RUNPATH_SEARCH_PATHS = (
					"$(inherited)",
					"@executable_path/Frameworks",
				);
				PRODUCT_BUNDLE_IDENTIFIER = com.MedicalCue.SimCue;
				PRODUCT_NAME = "$(TARGET_NAME)";
				SWIFT_VERSION = 4.0;
				TARGETED_DEVICE_FAMILY = "1,2";
			};
			name = Release;
		};
		34882D5320EAD3A6000E9424 /* Debug */ = {
			isa = XCBuildConfiguration;
			baseConfigurationReference = 8DF6974536D763151FB71D1F /* Pods-SimCueTests.debug.xcconfig */;
			buildSettings = {
				ALWAYS_EMBED_SWIFT_STANDARD_LIBRARIES = YES;
				BUNDLE_LOADER = "$(TEST_HOST)";
				CODE_SIGN_STYLE = Automatic;
				DEVELOPMENT_TEAM = D7G9M28WLW;
				INFOPLIST_FILE = MedcueAppTests/Info.plist;
				LD_RUNPATH_SEARCH_PATHS = (
					"$(inherited)",
					"@executable_path/Frameworks",
					"@loader_path/Frameworks",
				);
				PRODUCT_BUNDLE_IDENTIFIER = MedcueApp.MedcueAppTests;
				PRODUCT_NAME = "$(TARGET_NAME)";
				SWIFT_VERSION = 4.0;
				TARGETED_DEVICE_FAMILY = "1,2";
				TEST_HOST = "$(BUILT_PRODUCTS_DIR)/SimCue.app/SimCue";
			};
			name = Debug;
		};
		34882D5420EAD3A6000E9424 /* Release */ = {
			isa = XCBuildConfiguration;
			baseConfigurationReference = A044AA896A7AADCA43A1A911 /* Pods-SimCueTests.release.xcconfig */;
			buildSettings = {
				ALWAYS_EMBED_SWIFT_STANDARD_LIBRARIES = YES;
				BUNDLE_LOADER = "$(TEST_HOST)";
				CODE_SIGN_STYLE = Automatic;
				DEVELOPMENT_TEAM = D7G9M28WLW;
				INFOPLIST_FILE = MedcueAppTests/Info.plist;
				LD_RUNPATH_SEARCH_PATHS = (
					"$(inherited)",
					"@executable_path/Frameworks",
					"@loader_path/Frameworks",
				);
				PRODUCT_BUNDLE_IDENTIFIER = MedcueApp.MedcueAppTests;
				PRODUCT_NAME = "$(TARGET_NAME)";
				SWIFT_VERSION = 4.0;
				TARGETED_DEVICE_FAMILY = "1,2";
				TEST_HOST = "$(BUILT_PRODUCTS_DIR)/SimCue.app/SimCue";
			};
			name = Release;
		};
		34882D5620EAD3A6000E9424 /* Debug */ = {
			isa = XCBuildConfiguration;
			baseConfigurationReference = 7DAD61CB7CEEE468A3C7A17F /* Pods-SimCueUITests.debug.xcconfig */;
			buildSettings = {
				ALWAYS_EMBED_SWIFT_STANDARD_LIBRARIES = YES;
				CODE_SIGN_STYLE = Automatic;
				DEVELOPMENT_TEAM = D7G9M28WLW;
				INFOPLIST_FILE = MedcueAppUITests/Info.plist;
				LD_RUNPATH_SEARCH_PATHS = (
					"$(inherited)",
					"@executable_path/Frameworks",
					"@loader_path/Frameworks",
				);
				PRODUCT_BUNDLE_IDENTIFIER = MedcueApp.MedcueAppUITests;
				PRODUCT_NAME = "$(TARGET_NAME)";
				SWIFT_VERSION = 4.0;
				TARGETED_DEVICE_FAMILY = "1,2";
				TEST_TARGET_NAME = MedcueApp;
			};
			name = Debug;
		};
		34882D5720EAD3A6000E9424 /* Release */ = {
			isa = XCBuildConfiguration;
			baseConfigurationReference = 01CF784AD4E05EDCAACC40EF /* Pods-SimCueUITests.release.xcconfig */;
			buildSettings = {
				ALWAYS_EMBED_SWIFT_STANDARD_LIBRARIES = YES;
				CODE_SIGN_STYLE = Automatic;
				DEVELOPMENT_TEAM = D7G9M28WLW;
				INFOPLIST_FILE = MedcueAppUITests/Info.plist;
				LD_RUNPATH_SEARCH_PATHS = (
					"$(inherited)",
					"@executable_path/Frameworks",
					"@loader_path/Frameworks",
				);
				PRODUCT_BUNDLE_IDENTIFIER = MedcueApp.MedcueAppUITests;
				PRODUCT_NAME = "$(TARGET_NAME)";
				SWIFT_VERSION = 4.0;
				TARGETED_DEVICE_FAMILY = "1,2";
				TEST_TARGET_NAME = MedcueApp;
			};
			name = Release;
		};
/* End XCBuildConfiguration section */

/* Begin XCConfigurationList section */
		34882D1C20EAD3A2000E9424 /* Build configuration list for PBXProject "SimCue" */ = {
			isa = XCConfigurationList;
			buildConfigurations = (
				34882D4D20EAD3A6000E9424 /* Debug */,
				34882D4E20EAD3A6000E9424 /* Release */,
			);
			defaultConfigurationIsVisible = 0;
			defaultConfigurationName = Release;
		};
		34882D4F20EAD3A6000E9424 /* Build configuration list for PBXNativeTarget "SimCue" */ = {
			isa = XCConfigurationList;
			buildConfigurations = (
				34882D5020EAD3A6000E9424 /* Debug */,
				34882D5120EAD3A6000E9424 /* Release */,
			);
			defaultConfigurationIsVisible = 0;
			defaultConfigurationName = Release;
		};
		34882D5220EAD3A6000E9424 /* Build configuration list for PBXNativeTarget "SimCueTests" */ = {
			isa = XCConfigurationList;
			buildConfigurations = (
				34882D5320EAD3A6000E9424 /* Debug */,
				34882D5420EAD3A6000E9424 /* Release */,
			);
			defaultConfigurationIsVisible = 0;
			defaultConfigurationName = Release;
		};
		34882D5520EAD3A6000E9424 /* Build configuration list for PBXNativeTarget "SimCueUITests" */ = {
			isa = XCConfigurationList;
			buildConfigurations = (
				34882D5620EAD3A6000E9424 /* Debug */,
				34882D5720EAD3A6000E9424 /* Release */,
			);
			defaultConfigurationIsVisible = 0;
			defaultConfigurationName = Release;
		};
/* End XCConfigurationList section */
	};
	rootObject = 34882D1920EAD3A2000E9424 /* Project object */;
}
